// !$*UTF8*$!
{
	archiveVersion = 1;
	classes = {
	};
	objectVersion = 50;
	objects = {

/* Begin PBXBuildFile section */
		2F0EB38824D70AB2009163BB /* AppDelegate.swift in Sources */ = {isa = PBXBuildFile; fileRef = 2F0EB38724D70AB2009163BB /* AppDelegate.swift */; };
		2F0EB38A24D70AB2009163BB /* SceneDelegate.swift in Sources */ = {isa = PBXBuildFile; fileRef = 2F0EB38924D70AB2009163BB /* SceneDelegate.swift */; };
		2F0EB38C24D70AB2009163BB /* CategoryVC.swift in Sources */ = {isa = PBXBuildFile; fileRef = 2F0EB38B24D70AB2009163BB /* CategoryVC.swift */; };
		2F0EB38F24D70AB2009163BB /* Main.storyboard in Resources */ = {isa = PBXBuildFile; fileRef = 2F0EB38D24D70AB2009163BB /* Main.storyboard */; };
		2F0EB39124D70AB7009163BB /* Assets.xcassets in Resources */ = {isa = PBXBuildFile; fileRef = 2F0EB39024D70AB7009163BB /* Assets.xcassets */; };
		2F0EB39424D70AB7009163BB /* LaunchScreen.storyboard in Resources */ = {isa = PBXBuildFile; fileRef = 2F0EB39224D70AB7009163BB /* LaunchScreen.storyboard */; };
		2F0EB3A024D7141C009163BB /* CategoryCell.swift in Sources */ = {isa = PBXBuildFile; fileRef = 2F0EB39F24D7141C009163BB /* CategoryCell.swift */; };
		2F0EB3A224D714DA009163BB /* Category.swift in Sources */ = {isa = PBXBuildFile; fileRef = 2F0EB3A124D714DA009163BB /* Category.swift */; };
		2F0EB3A424D7158D009163BB /* DataService.swift in Sources */ = {isa = PBXBuildFile; fileRef = 2F0EB3A324D7158D009163BB /* DataService.swift */; };
		2F7EC4FE24D74C32000414A2 /* ProductCell.swift in Sources */ = {isa = PBXBuildFile; fileRef = 2F7EC4FD24D74C32000414A2 /* ProductCell.swift */; };
		2F7EC50024D74C97000414A2 /* ProductVC.swift in Sources */ = {isa = PBXBuildFile; fileRef = 2F7EC4FF24D74C97000414A2 /* ProductVC.swift */; };
/* End PBXBuildFile section */

/* Begin PBXFileReference section */
		2F0EB38424D70AB2009163BB /* Coder-swag.app */ = {isa = PBXFileReference; explicitFileType = wrapper.application; includeInIndex = 0; path = "Coder-swag.app"; sourceTree = BUILT_PRODUCTS_DIR; };
		2F0EB38724D70AB2009163BB /* AppDelegate.swift */ = {isa = PBXFileReference; lastKnownFileType = sourcecode.swift; path = AppDelegate.swift; sourceTree = "<group>"; };
		2F0EB38924D70AB2009163BB /* SceneDelegate.swift */ = {isa = PBXFileReference; lastKnownFileType = sourcecode.swift; path = SceneDelegate.swift; sourceTree = "<group>"; };
		2F0EB38B24D70AB2009163BB /* CategoryVC.swift */ = {isa = PBXFileReference; lastKnownFileType = sourcecode.swift; path = CategoryVC.swift; sourceTree = "<group>"; };
		2F0EB38E24D70AB2009163BB /* Base */ = {isa = PBXFileReference; lastKnownFileType = file.storyboard; name = Base; path = Base.lproj/Main.storyboard; sourceTree = "<group>"; };
		2F0EB39024D70AB7009163BB /* Assets.xcassets */ = {isa = PBXFileReference; lastKnownFileType = folder.assetcatalog; path = Assets.xcassets; sourceTree = "<group>"; };
		2F0EB39324D70AB7009163BB /* Base */ = {isa = PBXFileReference; lastKnownFileType = file.storyboard; name = Base; path = Base.lproj/LaunchScreen.storyboard; sourceTree = "<group>"; };
		2F0EB39524D70AB7009163BB /* Info.plist */ = {isa = PBXFileReference; lastKnownFileType = text.plist.xml; path = Info.plist; sourceTree = "<group>"; };
		2F0EB39F24D7141C009163BB /* CategoryCell.swift */ = {isa = PBXFileReference; lastKnownFileType = sourcecode.swift; path = CategoryCell.swift; sourceTree = "<group>"; };
		2F0EB3A124D714DA009163BB /* Category.swift */ = {isa = PBXFileReference; lastKnownFileType = sourcecode.swift; path = Category.swift; sourceTree = "<group>"; };
		2F0EB3A324D7158D009163BB /* DataService.swift */ = {isa = PBXFileReference; lastKnownFileType = sourcecode.swift; path = DataService.swift; sourceTree = "<group>"; };
		2F7EC4FD24D74C32000414A2 /* ProductCell.swift */ = {isa = PBXFileReference; lastKnownFileType = sourcecode.swift; path = ProductCell.swift; sourceTree = "<group>"; };
		2F7EC4FF24D74C97000414A2 /* ProductVC.swift */ = {isa = PBXFileReference; lastKnownFileType = sourcecode.swift; path = ProductVC.swift; sourceTree = "<group>"; };
/* End PBXFileReference section */

/* Begin PBXFrameworksBuildPhase section */
		2F0EB38124D70AB2009163BB /* Frameworks */ = {
			isa = PBXFrameworksBuildPhase;
			buildActionMask = 2147483647;
			files = (
			);
			runOnlyForDeploymentPostprocessing = 0;
		};
/* End PBXFrameworksBuildPhase section */

/* Begin PBXGroup section */
		2F0EB37B24D70AB2009163BB = {
			isa = PBXGroup;
			children = (
				2F0EB38624D70AB2009163BB /* Coder-swag */,
				2F0EB38524D70AB2009163BB /* Products */,
			);
			sourceTree = "<group>";
		};
		2F0EB38524D70AB2009163BB /* Products */ = {
			isa = PBXGroup;
			children = (
				2F0EB38424D70AB2009163BB /* Coder-swag.app */,
			);
			name = Products;
			sourceTree = "<group>";
		};
		2F0EB38624D70AB2009163BB /* Coder-swag */ = {
			isa = PBXGroup;
			children = (
				2F0EB38724D70AB2009163BB /* AppDelegate.swift */,
				2F0EB38924D70AB2009163BB /* SceneDelegate.swift */,
				2F0EB39E24D71403009163BB /* Services */,
				2F0EB39D24D713FC009163BB /* Model */,
				2F0EB39C24D713F7009163BB /* View */,
				2F0EB39B24D713F0009163BB /* Controller */,
				2F0EB38D24D70AB2009163BB /* Main.storyboard */,
				2F0EB39024D70AB7009163BB /* Assets.xcassets */,
				2F0EB39224D70AB7009163BB /* LaunchScreen.storyboard */,
				2F0EB39524D70AB7009163BB /* Info.plist */,
			);
			path = "Coder-swag";
			sourceTree = "<group>";
		};
		2F0EB39B24D713F0009163BB /* Controller */ = {
			isa = PBXGroup;
			children = (
				2F0EB38B24D70AB2009163BB /* CategoryVC.swift */,
				2F7EC4FF24D74C97000414A2 /* ProductVC.swift */,
			);
			path = Controller;
			sourceTree = "<group>";
		};
		2F0EB39C24D713F7009163BB /* View */ = {
			isa = PBXGroup;
			children = (
				2F0EB39F24D7141C009163BB /* CategoryCell.swift */,
				2F7EC4FD24D74C32000414A2 /* ProductCell.swift */,
			);
			path = View;
			sourceTree = "<group>";
		};
		2F0EB39D24D713FC009163BB /* Model */ = {
			isa = PBXGroup;
			children = (
				2F0EB3A124D714DA009163BB /* Category.swift */,
			);
			path = Model;
			sourceTree = "<group>";
		};
		2F0EB39E24D71403009163BB /* Services */ = {
			isa = PBXGroup;
			children = (
				2F0EB3A324D7158D009163BB /* DataService.swift */,
			);
			path = Services;
			sourceTree = "<group>";
		};
/* End PBXGroup section */

/* Begin PBXNativeTarget section */
		2F0EB38324D70AB2009163BB /* Coder-swag */ = {
			isa = PBXNativeTarget;
			buildConfigurationList = 2F0EB39824D70AB7009163BB /* Build configuration list for PBXNativeTarget "Coder-swag" */;
			buildPhases = (
				2F0EB38024D70AB2009163BB /* Sources */,
				2F0EB38124D70AB2009163BB /* Frameworks */,
				2F0EB38224D70AB2009163BB /* Resources */,
			);
			buildRules = (
			);
			dependencies = (
			);
			name = "Coder-swag";
			productName = "Coder-swag";
			productReference = 2F0EB38424D70AB2009163BB /* Coder-swag.app */;
			productType = "com.apple.product-type.application";
		};
/* End PBXNativeTarget section */

/* Begin PBXProject section */
		2F0EB37C24D70AB2009163BB /* Project object */ = {
			isa = PBXProject;
			attributes = {
				LastSwiftUpdateCheck = 1160;
				LastUpgradeCheck = 1160;
				ORGANIZATIONNAME = "Rafa Zaidan";
				TargetAttributes = {
					2F0EB38324D70AB2009163BB = {
						CreatedOnToolsVersion = 11.6;
					};
				};
			};
			buildConfigurationList = 2F0EB37F24D70AB2009163BB /* Build configuration list for PBXProject "Coder-swag" */;
			compatibilityVersion = "Xcode 9.3";
			developmentRegion = en;
			hasScannedForEncodings = 0;
			knownRegions = (
				en,
				Base,
			);
			mainGroup = 2F0EB37B24D70AB2009163BB;
			productRefGroup = 2F0EB38524D70AB2009163BB /* Products */;
			projectDirPath = "";
			projectRoot = "";
			targets = (
				2F0EB38324D70AB2009163BB /* Coder-swag */,
			);
		};
/* End PBXProject section */

/* Begin PBXResourcesBuildPhase section */
		2F0EB38224D70AB2009163BB /* Resources */ = {
			isa = PBXResourcesBuildPhase;
			buildActionMask = 2147483647;
			files = (
				2F0EB39424D70AB7009163BB /* LaunchScreen.storyboard in Resources */,
				2F0EB39124D70AB7009163BB /* Assets.xcassets in Resources */,
				2F0EB38F24D70AB2009163BB /* Main.storyboard in Resources */,
			);
			runOnlyForDeploymentPostprocessing = 0;
		};
/* End PBXResourcesBuildPhase section */

/* Begin PBXSourcesBuildPhase section */
		2F0EB38024D70AB2009163BB /* Sources */ = {
			isa = PBXSourcesBuildPhase;
			buildActionMask = 2147483647;
			files = (
				2F0EB38C24D70AB2009163BB /* CategoryVC.swift in Sources */,
				2F0EB3A224D714DA009163BB /* Category.swift in Sources */,
				2F0EB38824D70AB2009163BB /* AppDelegate.swift in Sources */,
				2F0EB3A424D7158D009163BB /* DataService.swift in Sources */,
				2F7EC50024D74C97000414A2 /* ProductVC.swift in Sources */,
				2F0EB38A24D70AB2009163BB /* SceneDelegate.swift in Sources */,
				2F7EC4FE24D74C32000414A2 /* ProductCell.swift in Sources */,
				2F0EB3A024D7141C009163BB /* CategoryCell.swift in Sources */,
			);
			runOnlyForDeploymentPostprocessing = 0;
		};
/* End PBXSourcesBuildPhase section */

/* Begin PBXVariantGroup section */
		2F0EB38D24D70AB2009163BB /* Main.storyboard */ = {
			isa = PBXVariantGroup;
			children = (
				2F0EB38E24D70AB2009163BB /* Base */,
			);
			name = Main.storyboard;
			sourceTree = "<group>";
		};
		2F0EB39224D70AB7009163BB /* LaunchScreen.storyboard */ = {
			isa = PBXVariantGroup;
			children = (
				2F0EB39324D70AB7009163BB /* Base */,
			);
			name = LaunchScreen.storyboard;
			sourceTree = "<group>";
		};
/* End PBXVariantGroup section */

/* Begin XCBuildConfiguration section */
		2F0EB39624D70AB7009163BB /* Debug */ = {
			isa = XCBuildConfiguration;
			buildSettings = {
				ALWAYS_SEARCH_USER_PATHS = NO;
				CLANG_ANALYZER_NONNULL = YES;
				CLANG_ANALYZER_NUMBER_OBJECT_CONVERSION = YES_AGGRESSIVE;
				CLANG_CXX_LANGUAGE_STANDARD = "gnu++14";
				CLANG_CXX_LIBRARY = "libc++";
				CLANG_ENABLE_MODULES = YES;
				CLANG_ENABLE_OBJC_ARC = YES;
				CLANG_ENABLE_OBJC_WEAK = YES;
				CLANG_WARN_BLOCK_CAPTURE_AUTORELEASING = YES;
				CLANG_WARN_BOOL_CONVERSION = YES;
				CLANG_WARN_COMMA = YES;
				CLANG_WARN_CONSTANT_CONVERSION = YES;
				CLANG_WARN_DEPRECATED_OBJC_IMPLEMENTATIONS = YES;
				CLANG_WARN_DIRECT_OBJC_ISA_USAGE = YES_ERROR;
				CLANG_WARN_DOCUMENTATION_COMMENTS = YES;
				CLANG_WARN_EMPTY_BODY = YES;
				CLANG_WARN_ENUM_CONVERSION = YES;
				CLANG_WARN_INFINITE_RECURSION = YES;
				CLANG_WARN_INT_CONVERSION = YES;
				CLANG_WARN_NON_LITERAL_NULL_CONVERSION = YES;
				CLANG_WARN_OBJC_IMPLICIT_RETAIN_SELF = YES;
				CLANG_WARN_OBJC_LITERAL_CONVERSION = YES;
				CLANG_WARN_OBJC_ROOT_CLASS = YES_ERROR;
				CLANG_WARN_RANGE_LOOP_ANALYSIS = YES;
				CLANG_WARN_STRICT_PROTOTYPES = YES;
				CLANG_WARN_SUSPICIOUS_MOVE = YES;
				CLANG_WARN_UNGUARDED_AVAILABILITY = YES_AGGRESSIVE;
				CLANG_WARN_UNREACHABLE_CODE = YES;
				CLANG_WARN__DUPLICATE_METHOD_MATCH = YES;
				COPY_PHASE_STRIP = NO;
				DEBUG_INFORMATION_FORMAT = dwarf;
				ENABLE_STRICT_OBJC_MSGSEND = YES;
				ENABLE_TESTABILITY = YES;
				GCC_C_LANGUAGE_STANDARD = gnu11;
				GCC_DYNAMIC_NO_PIC = NO;
				GCC_NO_COMMON_BLOCKS = YES;
				GCC_OPTIMIZATION_LEVEL = 0;
				GCC_PREPROCESSOR_DEFINITIONS = (
					"DEBUG=1",
					"$(inherited)",
				);
				GCC_WARN_64_TO_32_BIT_CONVERSION = YES;
				GCC_WARN_ABOUT_RETURN_TYPE = YES_ERROR;
				GCC_WARN_UNDECLARED_SELECTOR = YES;
				GCC_WARN_UNINITIALIZED_AUTOS = YES_AGGRESSIVE;
				GCC_WARN_UNUSED_FUNCTION = YES;
				GCC_WARN_UNUSED_VARIABLE = YES;
				IPHONEOS_DEPLOYMENT_TARGET = 13.6;
				MTL_ENABLE_DEBUG_INFO = INCLUDE_SOURCE;
				MTL_FAST_MATH = YES;
				ONLY_ACTIVE_ARCH = YES;
				SDKROOT = iphoneos;
				SWIFT_ACTIVE_COMPILATION_CONDITIONS = DEBUG;
				SWIFT_OPTIMIZATION_LEVEL = "-Onone";
			};
			name = Debug;
		};
		2F0EB39724D70AB7009163BB /* Release */ = {
			isa = XCBuildConfiguration;
			buildSettings = {
				ALWAYS_SEARCH_USER_PATHS = NO;
				CLANG_ANALYZER_NONNULL = YES;
				CLANG_ANALYZER_NUMBER_OBJECT_CONVERSION = YES_AGGRESSIVE;
				CLANG_CXX_LANGUAGE_STANDARD = "gnu++14";
				CLANG_CXX_LIBRARY = "libc++";
				CLANG_ENABLE_MODULES = YES;
				CLANG_ENABLE_OBJC_ARC = YES;
				CLANG_ENABLE_OBJC_WEAK = YES;
				CLANG_WARN_BLOCK_CAPTURE_AUTORELEASING = YES;
				CLANG_WARN_BOOL_CONVERSION = YES;
				CLANG_WARN_COMMA = YES;
				CLANG_WARN_CONSTANT_CONVERSION = YES;
				CLANG_WARN_DEPRECATED_OBJC_IMPLEMENTATIONS = YES;
				CLANG_WARN_DIRECT_OBJC_ISA_USAGE = YES_ERROR;
				CLANG_WARN_DOCUMENTATION_COMMENTS = YES;
				CLANG_WARN_EMPTY_BODY = YES;
				CLANG_WARN_ENUM_CONVERSION = YES;
				CLANG_WARN_INFINITE_RECURSION = YES;
				CLANG_WARN_INT_CONVERSION = YES;
				CLANG_WARN_NON_LITERAL_NULL_CONVERSION = YES;
				CLANG_WARN_OBJC_IMPLICIT_RETAIN_SELF = YES;
				CLANG_WARN_OBJC_LITERAL_CONVERSION = YES;
				CLANG_WARN_OBJC_ROOT_CLASS = YES_ERROR;
				CLANG_WARN_RANGE_LOOP_ANALYSIS = YES;
				CLANG_WARN_STRICT_PROTOTYPES = YES;
				CLANG_WARN_SUSPICIOUS_MOVE = YES;
				CLANG_WARN_UNGUARDED_AVAILABILITY = YES_AGGRESSIVE;
				CLANG_WARN_UNREACHABLE_CODE = YES;
				CLANG_WARN__DUPLICATE_METHOD_MATCH = YES;
				COPY_PHASE_STRIP = NO;
				DEBUG_INFORMATION_FORMAT = "dwarf-with-dsym";
				ENABLE_NS_ASSERTIONS = NO;
				ENABLE_STRICT_OBJC_MSGSEND = YES;
				GCC_C_LANGUAGE_STANDARD = gnu11;
				GCC_NO_COMMON_BLOCKS = YES;
				GCC_WARN_64_TO_32_BIT_CONVERSION = YES;
				GCC_WARN_ABOUT_RETURN_TYPE = YES_ERROR;
				GCC_WARN_UNDECLARED_SELECTOR = YES;
				GCC_WARN_UNINITIALIZED_AUTOS = YES_AGGRESSIVE;
				GCC_WARN_UNUSED_FUNCTION = YES;
				GCC_WARN_UNUSED_VARIABLE = YES;
				IPHONEOS_DEPLOYMENT_TARGET = 13.6;
				MTL_ENABLE_DEBUG_INFO = NO;
				MTL_FAST_MATH = YES;
				SDKROOT = iphoneos;
				SWIFT_COMPILATION_MODE = wholemodule;
				SWIFT_OPTIMIZATION_LEVEL = "-O";
				VALIDATE_PRODUCT = YES;
			};
			name = Release;
		};
		2F0EB39924D70AB7009163BB /* Debug */ = {
			isa = XCBuildConfiguration;
			buildSettings = {
				ASSETCATALOG_COMPILER_APPICON_NAME = AppIcon;
				CODE_SIGN_STYLE = Automatic;
				DEVELOPMENT_TEAM = FBTTZP7288;
				INFOPLIST_FILE = "Coder-swag/Info.plist";
				LD_RUNPATH_SEARCH_PATHS = (
					"$(inherited)",
					"@executable_path/Frameworks",
				);
				PRODUCT_BUNDLE_IDENTIFIER = "com.rafazaidan.Coder-swag";
				PRODUCT_NAME = "$(TARGET_NAME)";
				SWIFT_VERSION = 5.0;
				TARGETED_DEVICE_FAMILY = "1,2";
			};
			name = Debug;
		};
		2F0EB39A24D70AB7009163BB /* Release */ = {
			isa = XCBuildConfiguration;
			buildSettings = {
				ASSETCATALOG_COMPILER_APPICON_NAME = AppIcon;
				CODE_SIGN_STYLE = Automatic;
				DEVELOPMENT_TEAM = FBTTZP7288;
				INFOPLIST_FILE = "Coder-swag/Info.plist";
				LD_RUNPATH_SEARCH_PATHS = (
					"$(inherited)",
					"@executable_path/Frameworks",
				);
				PRODUCT_BUNDLE_IDENTIFIER = "com.rafazaidan.Coder-swag";
				PRODUCT_NAME = "$(TARGET_NAME)";
				SWIFT_VERSION = 5.0;
				TARGETED_DEVICE_FAMILY = "1,2";
			};
			name = Release;
		};
/* End XCBuildConfiguration section */

/* Begin XCConfigurationList section */
		2F0EB37F24D70AB2009163BB /* Build configuration list for PBXProject "Coder-swag" */ = {
			isa = XCConfigurationList;
			buildConfigurations = (
				2F0EB39624D70AB7009163BB /* Debug */,
				2F0EB39724D70AB7009163BB /* Release */,
			);
			defaultConfigurationIsVisible = 0;
			defaultConfigurationName = Release;
		};
		2F0EB39824D70AB7009163BB /* Build configuration list for PBXNativeTarget "Coder-swag" */ = {
			isa = XCConfigurationList;
			buildConfigurations = (
				2F0EB39924D70AB7009163BB /* Debug */,
				2F0EB39A24D70AB7009163BB /* Release */,
			);
			defaultConfigurationIsVisible = 0;
			defaultConfigurationName = Release;
		};
/* End XCConfigurationList section */
	};
	rootObject = 2F0EB37C24D70AB2009163BB /* Project object */;
}
